// !$*UTF8*$!
{
	archiveVersion = 1;
	classes = {
	};
	objectVersion = 56;
	objects = {

/* Begin PBXBuildFile section */
		FA0AC5552C3414AD0085A454 /* main.swift in Sources */ = {isa = PBXBuildFile; fileRef = FA0AC5542C3414AD0085A454 /* main.swift */; };
		FA5E81672C2D82AF00655865 /* main.swift in Sources */ = {isa = PBXBuildFile; fileRef = FA5E81662C2D82AF00655865 /* main.swift */; };
		FA5E81972C2D83B900655865 /* main.swift in Sources */ = {isa = PBXBuildFile; fileRef = FA5E81962C2D83B900655865 /* main.swift */; };
		FA5E81A22C2D83CE00655865 /* main.swift in Sources */ = {isa = PBXBuildFile; fileRef = FA5E81A12C2D83CE00655865 /* main.swift */; };
		FA5E81AD2C2D83D400655865 /* main.swift in Sources */ = {isa = PBXBuildFile; fileRef = FA5E81AC2C2D83D400655865 /* main.swift */; };
		FA5E81B82C2D83DC00655865 /* main.swift in Sources */ = {isa = PBXBuildFile; fileRef = FA5E81B72C2D83DC00655865 /* main.swift */; };
		FA5E81C32C2D83E000655865 /* main.swift in Sources */ = {isa = PBXBuildFile; fileRef = FA5E81C22C2D83E000655865 /* main.swift */; };
		FA5E81CE2C2D84F700655865 /* main.swift in Sources */ = {isa = PBXBuildFile; fileRef = FA5E81CD2C2D84F700655865 /* main.swift */; };
		FAA9EB9B2C353DF8001AADCF /* main.swift in Sources */ = {isa = PBXBuildFile; fileRef = FAA9EB9A2C353DF8001AADCF /* main.swift */; };
		FAA9EBA62C354FDF001AADCF /* main.swift in Sources */ = {isa = PBXBuildFile; fileRef = FAA9EBA52C354FDF001AADCF /* main.swift */; };
		FAD908172C329D3000FDA6C5 /* main.swift in Sources */ = {isa = PBXBuildFile; fileRef = FAD908162C329D3000FDA6C5 /* main.swift */; };
		FAD9082D2C32ADC000FDA6C5 /* main.swift in Sources */ = {isa = PBXBuildFile; fileRef = FAD9082C2C32ADC000FDA6C5 /* main.swift */; };
		FAE982DB2C369F7C008AC463 /* main.swift in Sources */ = {isa = PBXBuildFile; fileRef = FAE982DA2C369F7C008AC463 /* main.swift */; };
		FAF8905C2C37E14500AC7BDB /* main.swift in Sources */ = {isa = PBXBuildFile; fileRef = FAF8905B2C37E14500AC7BDB /* main.swift */; };
		FAFA3AD02C33F69F00423869 /* main.swift in Sources */ = {isa = PBXBuildFile; fileRef = FAFA3ACF2C33F69F00423869 /* main.swift */; };
/* End PBXBuildFile section */

/* Begin PBXCopyFilesBuildPhase section */
		FA0AC5502C3414AD0085A454 /* CopyFiles */ = {
			isa = PBXCopyFilesBuildPhase;
			buildActionMask = 2147483647;
			dstPath = /usr/share/man/man1/;
			dstSubfolderSpec = 0;
			files = (
			);
			runOnlyForDeploymentPostprocessing = 1;
		};
		FA5E81612C2D82AF00655865 /* CopyFiles */ = {
			isa = PBXCopyFilesBuildPhase;
			buildActionMask = 2147483647;
			dstPath = /usr/share/man/man1/;
			dstSubfolderSpec = 0;
			files = (
			);
			runOnlyForDeploymentPostprocessing = 1;
		};
		FA5E81922C2D83B900655865 /* CopyFiles */ = {
			isa = PBXCopyFilesBuildPhase;
			buildActionMask = 2147483647;
			dstPath = /usr/share/man/man1/;
			dstSubfolderSpec = 0;
			files = (
			);
			runOnlyForDeploymentPostprocessing = 1;
		};
		FA5E819D2C2D83CE00655865 /* CopyFiles */ = {
			isa = PBXCopyFilesBuildPhase;
			buildActionMask = 2147483647;
			dstPath = /usr/share/man/man1/;
			dstSubfolderSpec = 0;
			files = (
			);
			runOnlyForDeploymentPostprocessing = 1;
		};
		FA5E81A82C2D83D400655865 /* CopyFiles */ = {
			isa = PBXCopyFilesBuildPhase;
			buildActionMask = 2147483647;
			dstPath = /usr/share/man/man1/;
			dstSubfolderSpec = 0;
			files = (
			);
			runOnlyForDeploymentPostprocessing = 1;
		};
		FA5E81B32C2D83DC00655865 /* CopyFiles */ = {
			isa = PBXCopyFilesBuildPhase;
			buildActionMask = 2147483647;
			dstPath = /usr/share/man/man1/;
			dstSubfolderSpec = 0;
			files = (
			);
			runOnlyForDeploymentPostprocessing = 1;
		};
		FA5E81BE2C2D83E000655865 /* CopyFiles */ = {
			isa = PBXCopyFilesBuildPhase;
			buildActionMask = 2147483647;
			dstPath = /usr/share/man/man1/;
			dstSubfolderSpec = 0;
			files = (
			);
			runOnlyForDeploymentPostprocessing = 1;
		};
		FA5E81C92C2D84F700655865 /* CopyFiles */ = {
			isa = PBXCopyFilesBuildPhase;
			buildActionMask = 2147483647;
			dstPath = /usr/share/man/man1/;
			dstSubfolderSpec = 0;
			files = (
			);
			runOnlyForDeploymentPostprocessing = 1;
		};
		FAA9EB962C353DF8001AADCF /* CopyFiles */ = {
			isa = PBXCopyFilesBuildPhase;
			buildActionMask = 2147483647;
			dstPath = /usr/share/man/man1/;
			dstSubfolderSpec = 0;
			files = (
			);
			runOnlyForDeploymentPostprocessing = 1;
		};
		FAA9EBA12C354FDF001AADCF /* CopyFiles */ = {
			isa = PBXCopyFilesBuildPhase;
			buildActionMask = 2147483647;
			dstPath = /usr/share/man/man1/;
			dstSubfolderSpec = 0;
			files = (
			);
			runOnlyForDeploymentPostprocessing = 1;
		};
		FAD908122C329D3000FDA6C5 /* CopyFiles */ = {
			isa = PBXCopyFilesBuildPhase;
			buildActionMask = 2147483647;
			dstPath = /usr/share/man/man1/;
			dstSubfolderSpec = 0;
			files = (
			);
			runOnlyForDeploymentPostprocessing = 1;
		};
		FAD908282C32ADC000FDA6C5 /* CopyFiles */ = {
			isa = PBXCopyFilesBuildPhase;
			buildActionMask = 2147483647;
			dstPath = /usr/share/man/man1/;
			dstSubfolderSpec = 0;
			files = (
			);
			runOnlyForDeploymentPostprocessing = 1;
		};
		FAE982D62C369F7C008AC463 /* CopyFiles */ = {
			isa = PBXCopyFilesBuildPhase;
			buildActionMask = 2147483647;
			dstPath = /usr/share/man/man1/;
			dstSubfolderSpec = 0;
			files = (
			);
			runOnlyForDeploymentPostprocessing = 1;
		};
		FAF890572C37E14500AC7BDB /* CopyFiles */ = {
			isa = PBXCopyFilesBuildPhase;
			buildActionMask = 2147483647;
			dstPath = /usr/share/man/man1/;
			dstSubfolderSpec = 0;
			files = (
			);
			runOnlyForDeploymentPostprocessing = 1;
		};
		FAFA3AC02C33F00400423869 /* CopyFiles */ = {
			isa = PBXCopyFilesBuildPhase;
			buildActionMask = 2147483647;
			dstPath = /usr/share/man/man1/;
			dstSubfolderSpec = 0;
			files = (
			);
			runOnlyForDeploymentPostprocessing = 1;
		};
		FAFA3ACB2C33F69F00423869 /* CopyFiles */ = {
			isa = PBXCopyFilesBuildPhase;
			buildActionMask = 2147483647;
			dstPath = /usr/share/man/man1/;
			dstSubfolderSpec = 0;
			files = (
			);
			runOnlyForDeploymentPostprocessing = 1;
		};
/* End PBXCopyFilesBuildPhase section */

/* Begin PBXFileReference section */
		FA0AC5522C3414AD0085A454 /* Challenge 2.2.2 */ = {isa = PBXFileReference; explicitFileType = "compiled.mach-o.executable"; includeInIndex = 0; path = "Challenge 2.2.2"; sourceTree = BUILT_PRODUCTS_DIR; };
		FA0AC5542C3414AD0085A454 /* main.swift */ = {isa = PBXFileReference; lastKnownFileType = sourcecode.swift; path = main.swift; sourceTree = "<group>"; };
		FA5E81632C2D82AF00655865 /* Coding_Challenges_B20 */ = {isa = PBXFileReference; explicitFileType = "compiled.mach-o.executable"; includeInIndex = 0; path = Coding_Challenges_B20; sourceTree = BUILT_PRODUCTS_DIR; };
		FA5E81662C2D82AF00655865 /* main.swift */ = {isa = PBXFileReference; lastKnownFileType = sourcecode.swift; path = main.swift; sourceTree = "<group>"; };
		FA5E81942C2D83B900655865 /* Challenge 1.4.1 */ = {isa = PBXFileReference; explicitFileType = "compiled.mach-o.executable"; includeInIndex = 0; path = "Challenge 1.4.1"; sourceTree = BUILT_PRODUCTS_DIR; };
		FA5E81962C2D83B900655865 /* main.swift */ = {isa = PBXFileReference; lastKnownFileType = sourcecode.swift; path = main.swift; sourceTree = "<group>"; };
		FA5E819F2C2D83CE00655865 /* Challenge 1.2.1 */ = {isa = PBXFileReference; explicitFileType = "compiled.mach-o.executable"; includeInIndex = 0; path = "Challenge 1.2.1"; sourceTree = BUILT_PRODUCTS_DIR; };
		FA5E81A12C2D83CE00655865 /* main.swift */ = {isa = PBXFileReference; lastKnownFileType = sourcecode.swift; path = main.swift; sourceTree = "<group>"; };
		FA5E81AA2C2D83D400655865 /* Challenge 1.2.2 */ = {isa = PBXFileReference; explicitFileType = "compiled.mach-o.executable"; includeInIndex = 0; path = "Challenge 1.2.2"; sourceTree = BUILT_PRODUCTS_DIR; };
		FA5E81AC2C2D83D400655865 /* main.swift */ = {isa = PBXFileReference; lastKnownFileType = sourcecode.swift; path = main.swift; sourceTree = "<group>"; };
		FA5E81B52C2D83DC00655865 /* Challenge 1.3.1 */ = {isa = PBXFileReference; explicitFileType = "compiled.mach-o.executable"; includeInIndex = 0; path = "Challenge 1.3.1"; sourceTree = BUILT_PRODUCTS_DIR; };
		FA5E81B72C2D83DC00655865 /* main.swift */ = {isa = PBXFileReference; lastKnownFileType = sourcecode.swift; path = main.swift; sourceTree = "<group>"; };
		FA5E81C02C2D83E000655865 /* Challenge 1.3.2 */ = {isa = PBXFileReference; explicitFileType = "compiled.mach-o.executable"; includeInIndex = 0; path = "Challenge 1.3.2"; sourceTree = BUILT_PRODUCTS_DIR; };
		FA5E81C22C2D83E000655865 /* main.swift */ = {isa = PBXFileReference; lastKnownFileType = sourcecode.swift; path = main.swift; sourceTree = "<group>"; };
		FA5E81CB2C2D84F700655865 /* Challenge 1.4.2 */ = {isa = PBXFileReference; explicitFileType = "compiled.mach-o.executable"; includeInIndex = 0; path = "Challenge 1.4.2"; sourceTree = BUILT_PRODUCTS_DIR; };
		FA5E81CD2C2D84F700655865 /* main.swift */ = {isa = PBXFileReference; lastKnownFileType = sourcecode.swift; path = main.swift; sourceTree = "<group>"; };
		FAA9EB982C353DF8001AADCF /* Challenge 2.3.1 */ = {isa = PBXFileReference; explicitFileType = "compiled.mach-o.executable"; includeInIndex = 0; path = "Challenge 2.3.1"; sourceTree = BUILT_PRODUCTS_DIR; };
		FAA9EB9A2C353DF8001AADCF /* main.swift */ = {isa = PBXFileReference; lastKnownFileType = sourcecode.swift; path = main.swift; sourceTree = "<group>"; };
		FAA9EBA32C354FDF001AADCF /* Challenge 2.3.2 */ = {isa = PBXFileReference; explicitFileType = "compiled.mach-o.executable"; includeInIndex = 0; path = "Challenge 2.3.2"; sourceTree = BUILT_PRODUCTS_DIR; };
		FAA9EBA52C354FDF001AADCF /* main.swift */ = {isa = PBXFileReference; lastKnownFileType = sourcecode.swift; path = main.swift; sourceTree = "<group>"; };
		FAD908142C329D3000FDA6C5 /* Challenge 2.1.1 */ = {isa = PBXFileReference; explicitFileType = "compiled.mach-o.executable"; includeInIndex = 0; path = "Challenge 2.1.1"; sourceTree = BUILT_PRODUCTS_DIR; };
		FAD908162C329D3000FDA6C5 /* main.swift */ = {isa = PBXFileReference; lastKnownFileType = sourcecode.swift; path = main.swift; sourceTree = "<group>"; };
		FAD9082A2C32ADC000FDA6C5 /* Challenge 2.1.2 */ = {isa = PBXFileReference; explicitFileType = "compiled.mach-o.executable"; includeInIndex = 0; path = "Challenge 2.1.2"; sourceTree = BUILT_PRODUCTS_DIR; };
		FAD9082C2C32ADC000FDA6C5 /* main.swift */ = {isa = PBXFileReference; lastKnownFileType = sourcecode.swift; path = main.swift; sourceTree = "<group>"; };
		FAE982D82C369F7C008AC463 /* Challenge 2.4.1 */ = {isa = PBXFileReference; explicitFileType = "compiled.mach-o.executable"; includeInIndex = 0; path = "Challenge 2.4.1"; sourceTree = BUILT_PRODUCTS_DIR; };
		FAE982DA2C369F7C008AC463 /* main.swift */ = {isa = PBXFileReference; lastKnownFileType = sourcecode.swift; path = main.swift; sourceTree = "<group>"; };
		FAF890592C37E14500AC7BDB /* Challenge 2.4.2 */ = {isa = PBXFileReference; explicitFileType = "compiled.mach-o.executable"; includeInIndex = 0; path = "Challenge 2.4.2"; sourceTree = BUILT_PRODUCTS_DIR; };
		FAF8905B2C37E14500AC7BDB /* main.swift */ = {isa = PBXFileReference; lastKnownFileType = sourcecode.swift; path = main.swift; sourceTree = "<group>"; };
		FAFA3AC22C33F00400423869 /* Challenge 2.1.3 */ = {isa = PBXFileReference; explicitFileType = "compiled.mach-o.executable"; includeInIndex = 0; path = "Challenge 2.1.3"; sourceTree = BUILT_PRODUCTS_DIR; };
		FAFA3ACD2C33F69F00423869 /* Challenge 2.2.1 */ = {isa = PBXFileReference; explicitFileType = "compiled.mach-o.executable"; includeInIndex = 0; path = "Challenge 2.2.1"; sourceTree = BUILT_PRODUCTS_DIR; };
		FAFA3ACF2C33F69F00423869 /* main.swift */ = {isa = PBXFileReference; lastKnownFileType = sourcecode.swift; path = main.swift; sourceTree = "<group>"; };
/* End PBXFileReference section */

/* Begin PBXFrameworksBuildPhase section */
		FA0AC54F2C3414AD0085A454 /* Frameworks */ = {
			isa = PBXFrameworksBuildPhase;
			buildActionMask = 2147483647;
			files = (
			);
			runOnlyForDeploymentPostprocessing = 0;
		};
		FA5E81602C2D82AF00655865 /* Frameworks */ = {
			isa = PBXFrameworksBuildPhase;
			buildActionMask = 2147483647;
			files = (
			);
			runOnlyForDeploymentPostprocessing = 0;
		};
		FA5E81912C2D83B900655865 /* Frameworks */ = {
			isa = PBXFrameworksBuildPhase;
			buildActionMask = 2147483647;
			files = (
			);
			runOnlyForDeploymentPostprocessing = 0;
		};
		FA5E819C2C2D83CE00655865 /* Frameworks */ = {
			isa = PBXFrameworksBuildPhase;
			buildActionMask = 2147483647;
			files = (
			);
			runOnlyForDeploymentPostprocessing = 0;
		};
		FA5E81A72C2D83D400655865 /* Frameworks */ = {
			isa = PBXFrameworksBuildPhase;
			buildActionMask = 2147483647;
			files = (
			);
			runOnlyForDeploymentPostprocessing = 0;
		};
		FA5E81B22C2D83DC00655865 /* Frameworks */ = {
			isa = PBXFrameworksBuildPhase;
			buildActionMask = 2147483647;
			files = (
			);
			runOnlyForDeploymentPostprocessing = 0;
		};
		FA5E81BD2C2D83E000655865 /* Frameworks */ = {
			isa = PBXFrameworksBuildPhase;
			buildActionMask = 2147483647;
			files = (
			);
			runOnlyForDeploymentPostprocessing = 0;
		};
		FA5E81C82C2D84F700655865 /* Frameworks */ = {
			isa = PBXFrameworksBuildPhase;
			buildActionMask = 2147483647;
			files = (
			);
			runOnlyForDeploymentPostprocessing = 0;
		};
		FAA9EB952C353DF8001AADCF /* Frameworks */ = {
			isa = PBXFrameworksBuildPhase;
			buildActionMask = 2147483647;
			files = (
			);
			runOnlyForDeploymentPostprocessing = 0;
		};
		FAA9EBA02C354FDF001AADCF /* Frameworks */ = {
			isa = PBXFrameworksBuildPhase;
			buildActionMask = 2147483647;
			files = (
			);
			runOnlyForDeploymentPostprocessing = 0;
		};
		FAD908112C329D3000FDA6C5 /* Frameworks */ = {
			isa = PBXFrameworksBuildPhase;
			buildActionMask = 2147483647;
			files = (
			);
			runOnlyForDeploymentPostprocessing = 0;
		};
		FAD908272C32ADC000FDA6C5 /* Frameworks */ = {
			isa = PBXFrameworksBuildPhase;
			buildActionMask = 2147483647;
			files = (
			);
			runOnlyForDeploymentPostprocessing = 0;
		};
		FAE982D52C369F7C008AC463 /* Frameworks */ = {
			isa = PBXFrameworksBuildPhase;
			buildActionMask = 2147483647;
			files = (
			);
			runOnlyForDeploymentPostprocessing = 0;
		};
		FAF890562C37E14500AC7BDB /* Frameworks */ = {
			isa = PBXFrameworksBuildPhase;
			buildActionMask = 2147483647;
			files = (
			);
			runOnlyForDeploymentPostprocessing = 0;
		};
		FAFA3ABF2C33F00400423869 /* Frameworks */ = {
			isa = PBXFrameworksBuildPhase;
			buildActionMask = 2147483647;
			files = (
			);
			runOnlyForDeploymentPostprocessing = 0;
		};
		FAFA3ACA2C33F69F00423869 /* Frameworks */ = {
			isa = PBXFrameworksBuildPhase;
			buildActionMask = 2147483647;
			files = (
			);
			runOnlyForDeploymentPostprocessing = 0;
		};
/* End PBXFrameworksBuildPhase section */

/* Begin PBXGroup section */
		FA0AC5532C3414AD0085A454 /* Challenge 2.2.2 */ = {
			isa = PBXGroup;
			children = (
				FA0AC5542C3414AD0085A454 /* main.swift */,
			);
			path = "Challenge 2.2.2";
			sourceTree = "<group>";
		};
		FA5E815A2C2D82AF00655865 = {
			isa = PBXGroup;
			children = (
				FA5E81652C2D82AF00655865 /* Coding_Challenges_B20 */,
				FA5E81A02C2D83CE00655865 /* Challenge 1.2.1 */,
				FA5E81AB2C2D83D400655865 /* Challenge 1.2.2 */,
				FA5E81B62C2D83DC00655865 /* Challenge 1.3.1 */,
				FA5E81C12C2D83E000655865 /* Challenge 1.3.2 */,
				FA5E81952C2D83B900655865 /* Challenge 1.4.1 */,
				FA5E81CC2C2D84F700655865 /* Challenge 1.4.2 */,
				FAD908152C329D3000FDA6C5 /* Challenge 2.1.1 */,
				FAD9082B2C32ADC000FDA6C5 /* Challenge 2.1.2 */,
				FAFA3ACE2C33F69F00423869 /* Challenge 2.2.1 */,
				FA0AC5532C3414AD0085A454 /* Challenge 2.2.2 */,
				FAA9EB992C353DF8001AADCF /* Challenge 2.3.1 */,
				FAA9EBA42C354FDF001AADCF /* Challenge 2.3.2 */,
				FAE982D92C369F7C008AC463 /* Challenge 2.4.1 */,
				FAF8905A2C37E14500AC7BDB /* Challenge 2.4.2 */,
				FA5E81642C2D82AF00655865 /* Products */,
			);
			sourceTree = "<group>";
		};
		FA5E81642C2D82AF00655865 /* Products */ = {
			isa = PBXGroup;
			children = (
				FA5E81632C2D82AF00655865 /* Coding_Challenges_B20 */,
				FA5E81942C2D83B900655865 /* Challenge 1.4.1 */,
				FA5E819F2C2D83CE00655865 /* Challenge 1.2.1 */,
				FA5E81AA2C2D83D400655865 /* Challenge 1.2.2 */,
				FA5E81B52C2D83DC00655865 /* Challenge 1.3.1 */,
				FA5E81C02C2D83E000655865 /* Challenge 1.3.2 */,
				FA5E81CB2C2D84F700655865 /* Challenge 1.4.2 */,
				FAD908142C329D3000FDA6C5 /* Challenge 2.1.1 */,
				FAD9082A2C32ADC000FDA6C5 /* Challenge 2.1.2 */,
				FAFA3AC22C33F00400423869 /* Challenge 2.1.3 */,
				FAFA3ACD2C33F69F00423869 /* Challenge 2.2.1 */,
				FA0AC5522C3414AD0085A454 /* Challenge 2.2.2 */,
				FAA9EB982C353DF8001AADCF /* Challenge 2.3.1 */,
				FAA9EBA32C354FDF001AADCF /* Challenge 2.3.2 */,
				FAE982D82C369F7C008AC463 /* Challenge 2.4.1 */,
				FAF890592C37E14500AC7BDB /* Challenge 2.4.2 */,
			);
			name = Products;
			sourceTree = "<group>";
		};
		FA5E81652C2D82AF00655865 /* Coding_Challenges_B20 */ = {
			isa = PBXGroup;
			children = (
				FA5E81662C2D82AF00655865 /* main.swift */,
			);
			path = Coding_Challenges_B20;
			sourceTree = "<group>";
		};
		FA5E81952C2D83B900655865 /* Challenge 1.4.1 */ = {
			isa = PBXGroup;
			children = (
				FA5E81962C2D83B900655865 /* main.swift */,
			);
			path = "Challenge 1.4.1";
			sourceTree = "<group>";
		};
		FA5E81A02C2D83CE00655865 /* Challenge 1.2.1 */ = {
			isa = PBXGroup;
			children = (
				FA5E81A12C2D83CE00655865 /* main.swift */,
			);
			path = "Challenge 1.2.1";
			sourceTree = "<group>";
		};
		FA5E81AB2C2D83D400655865 /* Challenge 1.2.2 */ = {
			isa = PBXGroup;
			children = (
				FA5E81AC2C2D83D400655865 /* main.swift */,
			);
			path = "Challenge 1.2.2";
			sourceTree = "<group>";
		};
		FA5E81B62C2D83DC00655865 /* Challenge 1.3.1 */ = {
			isa = PBXGroup;
			children = (
				FA5E81B72C2D83DC00655865 /* main.swift */,
			);
			path = "Challenge 1.3.1";
			sourceTree = "<group>";
		};
		FA5E81C12C2D83E000655865 /* Challenge 1.3.2 */ = {
			isa = PBXGroup;
			children = (
				FA5E81C22C2D83E000655865 /* main.swift */,
			);
			path = "Challenge 1.3.2";
			sourceTree = "<group>";
		};
		FA5E81CC2C2D84F700655865 /* Challenge 1.4.2 */ = {
			isa = PBXGroup;
			children = (
				FA5E81CD2C2D84F700655865 /* main.swift */,
			);
			path = "Challenge 1.4.2";
			sourceTree = "<group>";
		};
		FAA9EB992C353DF8001AADCF /* Challenge 2.3.1 */ = {
			isa = PBXGroup;
			children = (
				FAA9EB9A2C353DF8001AADCF /* main.swift */,
			);
			path = "Challenge 2.3.1";
			sourceTree = "<group>";
		};
		FAA9EBA42C354FDF001AADCF /* Challenge 2.3.2 */ = {
			isa = PBXGroup;
			children = (
				FAA9EBA52C354FDF001AADCF /* main.swift */,
			);
			path = "Challenge 2.3.2";
			sourceTree = "<group>";
		};
		FAD908152C329D3000FDA6C5 /* Challenge 2.1.1 */ = {
			isa = PBXGroup;
			children = (
				FAD908162C329D3000FDA6C5 /* main.swift */,
			);
			path = "Challenge 2.1.1";
			sourceTree = "<group>";
		};
		FAD9082B2C32ADC000FDA6C5 /* Challenge 2.1.2 */ = {
			isa = PBXGroup;
			children = (
				FAD9082C2C32ADC000FDA6C5 /* main.swift */,
			);
			path = "Challenge 2.1.2";
			sourceTree = "<group>";
		};
		FAE982D92C369F7C008AC463 /* Challenge 2.4.1 */ = {
			isa = PBXGroup;
			children = (
				FAE982DA2C369F7C008AC463 /* main.swift */,
			);
			path = "Challenge 2.4.1";
			sourceTree = "<group>";
		};
		FAF8905A2C37E14500AC7BDB /* Challenge 2.4.2 */ = {
			isa = PBXGroup;
			children = (
				FAF8905B2C37E14500AC7BDB /* main.swift */,
			);
			path = "Challenge 2.4.2";
			sourceTree = "<group>";
		};
		FAFA3ACE2C33F69F00423869 /* Challenge 2.2.1 */ = {
			isa = PBXGroup;
			children = (
				FAFA3ACF2C33F69F00423869 /* main.swift */,
			);
			path = "Challenge 2.2.1";
			sourceTree = "<group>";
		};
/* End PBXGroup section */

/* Begin PBXNativeTarget section */
		FA0AC5512C3414AD0085A454 /* Challenge 2.2.2 */ = {
			isa = PBXNativeTarget;
			buildConfigurationList = FA0AC5582C3414AD0085A454 /* Build configuration list for PBXNativeTarget "Challenge 2.2.2" */;
			buildPhases = (
				FA0AC54E2C3414AD0085A454 /* Sources */,
				FA0AC54F2C3414AD0085A454 /* Frameworks */,
				FA0AC5502C3414AD0085A454 /* CopyFiles */,
			);
			buildRules = (
			);
			dependencies = (
			);
			name = "Challenge 2.2.2";
			productName = "Challenge 2.2.2";
			productReference = FA0AC5522C3414AD0085A454 /* Challenge 2.2.2 */;
			productType = "com.apple.product-type.tool";
		};
		FA5E81622C2D82AF00655865 /* Coding_Challenges_B20 */ = {
			isa = PBXNativeTarget;
			buildConfigurationList = FA5E816A2C2D82AF00655865 /* Build configuration list for PBXNativeTarget "Coding_Challenges_B20" */;
			buildPhases = (
				FA5E815F2C2D82AF00655865 /* Sources */,
				FA5E81602C2D82AF00655865 /* Frameworks */,
				FA5E81612C2D82AF00655865 /* CopyFiles */,
			);
			buildRules = (
			);
			dependencies = (
			);
			name = Coding_Challenges_B20;
			productName = Coding_Challenges_B20;
			productReference = FA5E81632C2D82AF00655865 /* Coding_Challenges_B20 */;
			productType = "com.apple.product-type.tool";
		};
		FA5E81932C2D83B900655865 /* Challenge 1.4.1 */ = {
			isa = PBXNativeTarget;
			buildConfigurationList = FA5E81982C2D83B900655865 /* Build configuration list for PBXNativeTarget "Challenge 1.4.1" */;
			buildPhases = (
				FA5E81902C2D83B900655865 /* Sources */,
				FA5E81912C2D83B900655865 /* Frameworks */,
				FA5E81922C2D83B900655865 /* CopyFiles */,
			);
			buildRules = (
			);
			dependencies = (
			);
			name = "Challenge 1.4.1";
			productName = "Challenge 1.4.1";
			productReference = FA5E81942C2D83B900655865 /* Challenge 1.4.1 */;
			productType = "com.apple.product-type.tool";
		};
		FA5E819E2C2D83CE00655865 /* Challenge 1.2.1 */ = {
			isa = PBXNativeTarget;
			buildConfigurationList = FA5E81A32C2D83CE00655865 /* Build configuration list for PBXNativeTarget "Challenge 1.2.1" */;
			buildPhases = (
				FA5E819B2C2D83CE00655865 /* Sources */,
				FA5E819C2C2D83CE00655865 /* Frameworks */,
				FA5E819D2C2D83CE00655865 /* CopyFiles */,
			);
			buildRules = (
			);
			dependencies = (
			);
			name = "Challenge 1.2.1";
			productName = "Challenge 1.2.1";
			productReference = FA5E819F2C2D83CE00655865 /* Challenge 1.2.1 */;
			productType = "com.apple.product-type.tool";
		};
		FA5E81A92C2D83D400655865 /* Challenge 1.2.2 */ = {
			isa = PBXNativeTarget;
			buildConfigurationList = FA5E81AE2C2D83D400655865 /* Build configuration list for PBXNativeTarget "Challenge 1.2.2" */;
			buildPhases = (
				FA5E81A62C2D83D400655865 /* Sources */,
				FA5E81A72C2D83D400655865 /* Frameworks */,
				FA5E81A82C2D83D400655865 /* CopyFiles */,
			);
			buildRules = (
			);
			dependencies = (
			);
			name = "Challenge 1.2.2";
			productName = "Challenge 1.2.2";
			productReference = FA5E81AA2C2D83D400655865 /* Challenge 1.2.2 */;
			productType = "com.apple.product-type.tool";
		};
		FA5E81B42C2D83DC00655865 /* Challenge 1.3.1 */ = {
			isa = PBXNativeTarget;
			buildConfigurationList = FA5E81B92C2D83DC00655865 /* Build configuration list for PBXNativeTarget "Challenge 1.3.1" */;
			buildPhases = (
				FA5E81B12C2D83DC00655865 /* Sources */,
				FA5E81B22C2D83DC00655865 /* Frameworks */,
				FA5E81B32C2D83DC00655865 /* CopyFiles */,
			);
			buildRules = (
			);
			dependencies = (
			);
			name = "Challenge 1.3.1";
			productName = "Challenge 1.3.1";
			productReference = FA5E81B52C2D83DC00655865 /* Challenge 1.3.1 */;
			productType = "com.apple.product-type.tool";
		};
		FA5E81BF2C2D83E000655865 /* Challenge 1.3.2 */ = {
			isa = PBXNativeTarget;
			buildConfigurationList = FA5E81C42C2D83E000655865 /* Build configuration list for PBXNativeTarget "Challenge 1.3.2" */;
			buildPhases = (
				FA5E81BC2C2D83E000655865 /* Sources */,
				FA5E81BD2C2D83E000655865 /* Frameworks */,
				FA5E81BE2C2D83E000655865 /* CopyFiles */,
			);
			buildRules = (
			);
			dependencies = (
			);
			name = "Challenge 1.3.2";
			productName = "Challenge 1.3.2";
			productReference = FA5E81C02C2D83E000655865 /* Challenge 1.3.2 */;
			productType = "com.apple.product-type.tool";
		};
		FA5E81CA2C2D84F700655865 /* Challenge 1.4.2 */ = {
			isa = PBXNativeTarget;
			buildConfigurationList = FA5E81D12C2D84F700655865 /* Build configuration list for PBXNativeTarget "Challenge 1.4.2" */;
			buildPhases = (
				FA5E81C72C2D84F700655865 /* Sources */,
				FA5E81C82C2D84F700655865 /* Frameworks */,
				FA5E81C92C2D84F700655865 /* CopyFiles */,
			);
			buildRules = (
			);
			dependencies = (
			);
			name = "Challenge 1.4.2";
			productName = "Challenge 1.4.2";
			productReference = FA5E81CB2C2D84F700655865 /* Challenge 1.4.2 */;
			productType = "com.apple.product-type.tool";
		};
		FAA9EB972C353DF8001AADCF /* Challenge 2.3.1 */ = {
			isa = PBXNativeTarget;
			buildConfigurationList = FAA9EB9E2C353DF8001AADCF /* Build configuration list for PBXNativeTarget "Challenge 2.3.1" */;
			buildPhases = (
				FAA9EB942C353DF8001AADCF /* Sources */,
				FAA9EB952C353DF8001AADCF /* Frameworks */,
				FAA9EB962C353DF8001AADCF /* CopyFiles */,
			);
			buildRules = (
			);
			dependencies = (
			);
			name = "Challenge 2.3.1";
			productName = "Challenge 2.3.1";
			productReference = FAA9EB982C353DF8001AADCF /* Challenge 2.3.1 */;
			productType = "com.apple.product-type.tool";
		};
		FAA9EBA22C354FDF001AADCF /* Challenge 2.3.2 */ = {
			isa = PBXNativeTarget;
			buildConfigurationList = FAA9EBA92C354FDF001AADCF /* Build configuration list for PBXNativeTarget "Challenge 2.3.2" */;
			buildPhases = (
				FAA9EB9F2C354FDF001AADCF /* Sources */,
				FAA9EBA02C354FDF001AADCF /* Frameworks */,
				FAA9EBA12C354FDF001AADCF /* CopyFiles */,
			);
			buildRules = (
			);
			dependencies = (
			);
			name = "Challenge 2.3.2";
			productName = "Challenge 2.3.2";
			productReference = FAA9EBA32C354FDF001AADCF /* Challenge 2.3.2 */;
			productType = "com.apple.product-type.tool";
		};
		FAD908132C329D3000FDA6C5 /* Challenge 2.1.1 */ = {
			isa = PBXNativeTarget;
			buildConfigurationList = FAD9081A2C329D3000FDA6C5 /* Build configuration list for PBXNativeTarget "Challenge 2.1.1" */;
			buildPhases = (
				FAD908102C329D3000FDA6C5 /* Sources */,
				FAD908112C329D3000FDA6C5 /* Frameworks */,
				FAD908122C329D3000FDA6C5 /* CopyFiles */,
			);
			buildRules = (
			);
			dependencies = (
			);
			name = "Challenge 2.1.1";
			productName = "Challenge 2.1.1";
			productReference = FAD908142C329D3000FDA6C5 /* Challenge 2.1.1 */;
			productType = "com.apple.product-type.tool";
		};
		FAD908292C32ADC000FDA6C5 /* Challenge 2.1.2 */ = {
			isa = PBXNativeTarget;
			buildConfigurationList = FAD908302C32ADC000FDA6C5 /* Build configuration list for PBXNativeTarget "Challenge 2.1.2" */;
			buildPhases = (
				FAD908262C32ADC000FDA6C5 /* Sources */,
				FAD908272C32ADC000FDA6C5 /* Frameworks */,
				FAD908282C32ADC000FDA6C5 /* CopyFiles */,
			);
			buildRules = (
			);
			dependencies = (
			);
			name = "Challenge 2.1.2";
			productName = "Challenge 2.1.2";
			productReference = FAD9082A2C32ADC000FDA6C5 /* Challenge 2.1.2 */;
			productType = "com.apple.product-type.tool";
		};
		FAE982D72C369F7C008AC463 /* Challenge 2.4.1 */ = {
			isa = PBXNativeTarget;
			buildConfigurationList = FAE982DE2C369F7C008AC463 /* Build configuration list for PBXNativeTarget "Challenge 2.4.1" */;
			buildPhases = (
				FAE982D42C369F7C008AC463 /* Sources */,
				FAE982D52C369F7C008AC463 /* Frameworks */,
				FAE982D62C369F7C008AC463 /* CopyFiles */,
			);
			buildRules = (
			);
			dependencies = (
			);
			name = "Challenge 2.4.1";
			productName = "Challenge 2.4.1";
			productReference = FAE982D82C369F7C008AC463 /* Challenge 2.4.1 */;
			productType = "com.apple.product-type.tool";
		};
		FAF890582C37E14500AC7BDB /* Challenge 2.4.2 */ = {
			isa = PBXNativeTarget;
			buildConfigurationList = FAF8905F2C37E14500AC7BDB /* Build configuration list for PBXNativeTarget "Challenge 2.4.2" */;
			buildPhases = (
				FAF890552C37E14500AC7BDB /* Sources */,
				FAF890562C37E14500AC7BDB /* Frameworks */,
				FAF890572C37E14500AC7BDB /* CopyFiles */,
			);
			buildRules = (
			);
			dependencies = (
			);
			name = "Challenge 2.4.2";
			productName = "Challenge 2.4.2";
			productReference = FAF890592C37E14500AC7BDB /* Challenge 2.4.2 */;
			productType = "com.apple.product-type.tool";
		};
		FAFA3AC12C33F00400423869 /* Challenge 2.1.3 */ = {
			isa = PBXNativeTarget;
			buildConfigurationList = FAFA3AC82C33F00400423869 /* Build configuration list for PBXNativeTarget "Challenge 2.1.3" */;
			buildPhases = (
				FAFA3ABE2C33F00400423869 /* Sources */,
				FAFA3ABF2C33F00400423869 /* Frameworks */,
				FAFA3AC02C33F00400423869 /* CopyFiles */,
			);
			buildRules = (
			);
			dependencies = (
			);
			name = "Challenge 2.1.3";
			productName = "Challenge 2.1.3";
			productReference = FAFA3AC22C33F00400423869 /* Challenge 2.1.3 */;
			productType = "com.apple.product-type.tool";
		};
		FAFA3ACC2C33F69F00423869 /* Challenge 2.2.1 */ = {
			isa = PBXNativeTarget;
			buildConfigurationList = FAFA3AD12C33F69F00423869 /* Build configuration list for PBXNativeTarget "Challenge 2.2.1" */;
			buildPhases = (
				FAFA3AC92C33F69F00423869 /* Sources */,
				FAFA3ACA2C33F69F00423869 /* Frameworks */,
				FAFA3ACB2C33F69F00423869 /* CopyFiles */,
			);
			buildRules = (
			);
			dependencies = (
			);
			name = "Challenge 2.2.1";
			productName = "Challenge 2.2.1";
			productReference = FAFA3ACD2C33F69F00423869 /* Challenge 2.2.1 */;
			productType = "com.apple.product-type.tool";
		};
/* End PBXNativeTarget section */

/* Begin PBXProject section */
		FA5E815B2C2D82AF00655865 /* Project object */ = {
			isa = PBXProject;
			attributes = {
				BuildIndependentTargetsInParallel = 1;
				LastSwiftUpdateCheck = 1540;
				LastUpgradeCheck = 1540;
				TargetAttributes = {
					FA0AC5512C3414AD0085A454 = {
						CreatedOnToolsVersion = 15.4;
					};
					FA5E81622C2D82AF00655865 = {
						CreatedOnToolsVersion = 15.4;
					};
					FA5E81932C2D83B900655865 = {
						CreatedOnToolsVersion = 15.4;
					};
					FA5E819E2C2D83CE00655865 = {
						CreatedOnToolsVersion = 15.4;
					};
					FA5E81A92C2D83D400655865 = {
						CreatedOnToolsVersion = 15.4;
					};
					FA5E81B42C2D83DC00655865 = {
						CreatedOnToolsVersion = 15.4;
					};
					FA5E81BF2C2D83E000655865 = {
						CreatedOnToolsVersion = 15.4;
					};
					FA5E81CA2C2D84F700655865 = {
						CreatedOnToolsVersion = 15.4;
					};
					FAA9EB972C353DF8001AADCF = {
						CreatedOnToolsVersion = 15.4;
					};
					FAA9EBA22C354FDF001AADCF = {
						CreatedOnToolsVersion = 15.4;
					};
					FAD908132C329D3000FDA6C5 = {
						CreatedOnToolsVersion = 15.4;
					};
					FAD908292C32ADC000FDA6C5 = {
						CreatedOnToolsVersion = 15.4;
					};
					FAE982D72C369F7C008AC463 = {
						CreatedOnToolsVersion = 15.4;
					};
					FAF890582C37E14500AC7BDB = {
						CreatedOnToolsVersion = 15.4;
					};
					FAFA3AC12C33F00400423869 = {
						CreatedOnToolsVersion = 15.4;
					};
					FAFA3ACC2C33F69F00423869 = {
						CreatedOnToolsVersion = 15.4;
					};
				};
			};
			buildConfigurationList = FA5E815E2C2D82AF00655865 /* Build configuration list for PBXProject "Coding_Challenges_B20" */;
			compatibilityVersion = "Xcode 14.0";
			developmentRegion = en;
			hasScannedForEncodings = 0;
			knownRegions = (
				en,
				Base,
			);
			mainGroup = FA5E815A2C2D82AF00655865;
			productRefGroup = FA5E81642C2D82AF00655865 /* Products */;
			projectDirPath = "";
			projectRoot = "";
			targets = (
				FA5E81622C2D82AF00655865 /* Coding_Challenges_B20 */,
				FA5E819E2C2D83CE00655865 /* Challenge 1.2.1 */,
				FA5E81A92C2D83D400655865 /* Challenge 1.2.2 */,
				FA5E81B42C2D83DC00655865 /* Challenge 1.3.1 */,
				FA5E81BF2C2D83E000655865 /* Challenge 1.3.2 */,
				FA5E81932C2D83B900655865 /* Challenge 1.4.1 */,
				FA5E81CA2C2D84F700655865 /* Challenge 1.4.2 */,
				FAD908132C329D3000FDA6C5 /* Challenge 2.1.1 */,
				FAD908292C32ADC000FDA6C5 /* Challenge 2.1.2 */,
				FAFA3AC12C33F00400423869 /* Challenge 2.1.3 */,
				FAFA3ACC2C33F69F00423869 /* Challenge 2.2.1 */,
				FA0AC5512C3414AD0085A454 /* Challenge 2.2.2 */,
				FAA9EB972C353DF8001AADCF /* Challenge 2.3.1 */,
				FAA9EBA22C354FDF001AADCF /* Challenge 2.3.2 */,
				FAE982D72C369F7C008AC463 /* Challenge 2.4.1 */,
				FAF890582C37E14500AC7BDB /* Challenge 2.4.2 */,
			);
		};
/* End PBXProject section */

/* Begin PBXSourcesBuildPhase section */
		FA0AC54E2C3414AD0085A454 /* Sources */ = {
			isa = PBXSourcesBuildPhase;
			buildActionMask = 2147483647;
			files = (
				FA0AC5552C3414AD0085A454 /* main.swift in Sources */,
			);
			runOnlyForDeploymentPostprocessing = 0;
		};
		FA5E815F2C2D82AF00655865 /* Sources */ = {
			isa = PBXSourcesBuildPhase;
			buildActionMask = 2147483647;
			files = (
				FA5E81672C2D82AF00655865 /* main.swift in Sources */,
			);
			runOnlyForDeploymentPostprocessing = 0;
		};
		FA5E81902C2D83B900655865 /* Sources */ = {
			isa = PBXSourcesBuildPhase;
			buildActionMask = 2147483647;
			files = (
				FA5E81972C2D83B900655865 /* main.swift in Sources */,
			);
			runOnlyForDeploymentPostprocessing = 0;
		};
		FA5E819B2C2D83CE00655865 /* Sources */ = {
			isa = PBXSourcesBuildPhase;
			buildActionMask = 2147483647;
			files = (
				FA5E81A22C2D83CE00655865 /* main.swift in Sources */,
			);
			runOnlyForDeploymentPostprocessing = 0;
		};
		FA5E81A62C2D83D400655865 /* Sources */ = {
			isa = PBXSourcesBuildPhase;
			buildActionMask = 2147483647;
			files = (
				FA5E81AD2C2D83D400655865 /* main.swift in Sources */,
			);
			runOnlyForDeploymentPostprocessing = 0;
		};
		FA5E81B12C2D83DC00655865 /* Sources */ = {
			isa = PBXSourcesBuildPhase;
			buildActionMask = 2147483647;
			files = (
				FA5E81B82C2D83DC00655865 /* main.swift in Sources */,
			);
			runOnlyForDeploymentPostprocessing = 0;
		};
		FA5E81BC2C2D83E000655865 /* Sources */ = {
			isa = PBXSourcesBuildPhase;
			buildActionMask = 2147483647;
			files = (
				FA5E81C32C2D83E000655865 /* main.swift in Sources */,
			);
			runOnlyForDeploymentPostprocessing = 0;
		};
		FA5E81C72C2D84F700655865 /* Sources */ = {
			isa = PBXSourcesBuildPhase;
			buildActionMask = 2147483647;
			files = (
				FA5E81CE2C2D84F700655865 /* main.swift in Sources */,
			);
			runOnlyForDeploymentPostprocessing = 0;
		};
		FAA9EB942C353DF8001AADCF /* Sources */ = {
			isa = PBXSourcesBuildPhase;
			buildActionMask = 2147483647;
			files = (
				FAA9EB9B2C353DF8001AADCF /* main.swift in Sources */,
			);
			runOnlyForDeploymentPostprocessing = 0;
		};
		FAA9EB9F2C354FDF001AADCF /* Sources */ = {
			isa = PBXSourcesBuildPhase;
			buildActionMask = 2147483647;
			files = (
				FAA9EBA62C354FDF001AADCF /* main.swift in Sources */,
			);
			runOnlyForDeploymentPostprocessing = 0;
		};
		FAD908102C329D3000FDA6C5 /* Sources */ = {
			isa = PBXSourcesBuildPhase;
			buildActionMask = 2147483647;
			files = (
				FAD908172C329D3000FDA6C5 /* main.swift in Sources */,
			);
			runOnlyForDeploymentPostprocessing = 0;
		};
		FAD908262C32ADC000FDA6C5 /* Sources */ = {
			isa = PBXSourcesBuildPhase;
			buildActionMask = 2147483647;
			files = (
				FAD9082D2C32ADC000FDA6C5 /* main.swift in Sources */,
			);
			runOnlyForDeploymentPostprocessing = 0;
		};
		FAE982D42C369F7C008AC463 /* Sources */ = {
			isa = PBXSourcesBuildPhase;
			buildActionMask = 2147483647;
			files = (
				FAE982DB2C369F7C008AC463 /* main.swift in Sources */,
			);
			runOnlyForDeploymentPostprocessing = 0;
		};
		FAF890552C37E14500AC7BDB /* Sources */ = {
			isa = PBXSourcesBuildPhase;
			buildActionMask = 2147483647;
			files = (
				FAF8905C2C37E14500AC7BDB /* main.swift in Sources */,
			);
			runOnlyForDeploymentPostprocessing = 0;
		};
		FAFA3ABE2C33F00400423869 /* Sources */ = {
			isa = PBXSourcesBuildPhase;
			buildActionMask = 2147483647;
			files = (
			);
			runOnlyForDeploymentPostprocessing = 0;
		};
		FAFA3AC92C33F69F00423869 /* Sources */ = {
			isa = PBXSourcesBuildPhase;
			buildActionMask = 2147483647;
			files = (
				FAFA3AD02C33F69F00423869 /* main.swift in Sources */,
			);
			runOnlyForDeploymentPostprocessing = 0;
		};
/* End PBXSourcesBuildPhase section */

/* Begin XCBuildConfiguration section */
		FA0AC5562C3414AD0085A454 /* Debug */ = {
			isa = XCBuildConfiguration;
			buildSettings = {
				CODE_SIGN_STYLE = Automatic;
				PRODUCT_NAME = "$(TARGET_NAME)";
				SWIFT_VERSION = 5.0;
			};
			name = Debug;
		};
		FA0AC5572C3414AD0085A454 /* Release */ = {
			isa = XCBuildConfiguration;
			buildSettings = {
				CODE_SIGN_STYLE = Automatic;
				PRODUCT_NAME = "$(TARGET_NAME)";
				SWIFT_VERSION = 5.0;
			};
			name = Release;
		};
		FA5E81682C2D82AF00655865 /* Debug */ = {
			isa = XCBuildConfiguration;
			buildSettings = {
				ALWAYS_SEARCH_USER_PATHS = NO;
				ASSETCATALOG_COMPILER_GENERATE_SWIFT_ASSET_SYMBOL_EXTENSIONS = YES;
				CLANG_ANALYZER_NONNULL = YES;
				CLANG_ANALYZER_NUMBER_OBJECT_CONVERSION = YES_AGGRESSIVE;
				CLANG_CXX_LANGUAGE_STANDARD = "gnu++20";
				CLANG_ENABLE_MODULES = YES;
				CLANG_ENABLE_OBJC_ARC = YES;
				CLANG_ENABLE_OBJC_WEAK = YES;
				CLANG_WARN_BLOCK_CAPTURE_AUTORELEASING = YES;
				CLANG_WARN_BOOL_CONVERSION = YES;
				CLANG_WARN_COMMA = YES;
				CLANG_WARN_CONSTANT_CONVERSION = YES;
				CLANG_WARN_DEPRECATED_OBJC_IMPLEMENTATIONS = YES;
				CLANG_WARN_DIRECT_OBJC_ISA_USAGE = YES_ERROR;
				CLANG_WARN_DOCUMENTATION_COMMENTS = YES;
				CLANG_WARN_EMPTY_BODY = YES;
				CLANG_WARN_ENUM_CONVERSION = YES;
				CLANG_WARN_INFINITE_RECURSION = YES;
				CLANG_WARN_INT_CONVERSION = YES;
				CLANG_WARN_NON_LITERAL_NULL_CONVERSION = YES;
				CLANG_WARN_OBJC_IMPLICIT_RETAIN_SELF = YES;
				CLANG_WARN_OBJC_LITERAL_CONVERSION = YES;
				CLANG_WARN_OBJC_ROOT_CLASS = YES_ERROR;
				CLANG_WARN_QUOTED_INCLUDE_IN_FRAMEWORK_HEADER = YES;
				CLANG_WARN_RANGE_LOOP_ANALYSIS = YES;
				CLANG_WARN_STRICT_PROTOTYPES = YES;
				CLANG_WARN_SUSPICIOUS_MOVE = YES;
				CLANG_WARN_UNGUARDED_AVAILABILITY = YES_AGGRESSIVE;
				CLANG_WARN_UNREACHABLE_CODE = YES;
				CLANG_WARN__DUPLICATE_METHOD_MATCH = YES;
				COPY_PHASE_STRIP = NO;
				DEBUG_INFORMATION_FORMAT = dwarf;
				ENABLE_STRICT_OBJC_MSGSEND = YES;
				ENABLE_TESTABILITY = YES;
				ENABLE_USER_SCRIPT_SANDBOXING = YES;
				GCC_C_LANGUAGE_STANDARD = gnu17;
				GCC_DYNAMIC_NO_PIC = NO;
				GCC_NO_COMMON_BLOCKS = YES;
				GCC_OPTIMIZATION_LEVEL = 0;
				GCC_PREPROCESSOR_DEFINITIONS = (
					"DEBUG=1",
					"$(inherited)",
				);
				GCC_WARN_64_TO_32_BIT_CONVERSION = YES;
				GCC_WARN_ABOUT_RETURN_TYPE = YES_ERROR;
				GCC_WARN_UNDECLARED_SELECTOR = YES;
				GCC_WARN_UNINITIALIZED_AUTOS = YES_AGGRESSIVE;
				GCC_WARN_UNUSED_FUNCTION = YES;
				GCC_WARN_UNUSED_VARIABLE = YES;
				LOCALIZATION_PREFERS_STRING_CATALOGS = YES;
				MACOSX_DEPLOYMENT_TARGET = 14.5;
				MTL_ENABLE_DEBUG_INFO = INCLUDE_SOURCE;
				MTL_FAST_MATH = YES;
				ONLY_ACTIVE_ARCH = YES;
				SDKROOT = macosx;
				SWIFT_ACTIVE_COMPILATION_CONDITIONS = "DEBUG $(inherited)";
				SWIFT_OPTIMIZATION_LEVEL = "-Onone";
			};
			name = Debug;
		};
		FA5E81692C2D82AF00655865 /* Release */ = {
			isa = XCBuildConfiguration;
			buildSettings = {
				ALWAYS_SEARCH_USER_PATHS = NO;
				ASSETCATALOG_COMPILER_GENERATE_SWIFT_ASSET_SYMBOL_EXTENSIONS = YES;
				CLANG_ANALYZER_NONNULL = YES;
				CLANG_ANALYZER_NUMBER_OBJECT_CONVERSION = YES_AGGRESSIVE;
				CLANG_CXX_LANGUAGE_STANDARD = "gnu++20";
				CLANG_ENABLE_MODULES = YES;
				CLANG_ENABLE_OBJC_ARC = YES;
				CLANG_ENABLE_OBJC_WEAK = YES;
				CLANG_WARN_BLOCK_CAPTURE_AUTORELEASING = YES;
				CLANG_WARN_BOOL_CONVERSION = YES;
				CLANG_WARN_COMMA = YES;
				CLANG_WARN_CONSTANT_CONVERSION = YES;
				CLANG_WARN_DEPRECATED_OBJC_IMPLEMENTATIONS = YES;
				CLANG_WARN_DIRECT_OBJC_ISA_USAGE = YES_ERROR;
				CLANG_WARN_DOCUMENTATION_COMMENTS = YES;
				CLANG_WARN_EMPTY_BODY = YES;
				CLANG_WARN_ENUM_CONVERSION = YES;
				CLANG_WARN_INFINITE_RECURSION = YES;
				CLANG_WARN_INT_CONVERSION = YES;
				CLANG_WARN_NON_LITERAL_NULL_CONVERSION = YES;
				CLANG_WARN_OBJC_IMPLICIT_RETAIN_SELF = YES;
				CLANG_WARN_OBJC_LITERAL_CONVERSION = YES;
				CLANG_WARN_OBJC_ROOT_CLASS = YES_ERROR;
				CLANG_WARN_QUOTED_INCLUDE_IN_FRAMEWORK_HEADER = YES;
				CLANG_WARN_RANGE_LOOP_ANALYSIS = YES;
				CLANG_WARN_STRICT_PROTOTYPES = YES;
				CLANG_WARN_SUSPICIOUS_MOVE = YES;
				CLANG_WARN_UNGUARDED_AVAILABILITY = YES_AGGRESSIVE;
				CLANG_WARN_UNREACHABLE_CODE = YES;
				CLANG_WARN__DUPLICATE_METHOD_MATCH = YES;
				COPY_PHASE_STRIP = NO;
				DEBUG_INFORMATION_FORMAT = "dwarf-with-dsym";
				ENABLE_NS_ASSERTIONS = NO;
				ENABLE_STRICT_OBJC_MSGSEND = YES;
				ENABLE_USER_SCRIPT_SANDBOXING = YES;
				GCC_C_LANGUAGE_STANDARD = gnu17;
				GCC_NO_COMMON_BLOCKS = YES;
				GCC_WARN_64_TO_32_BIT_CONVERSION = YES;
				GCC_WARN_ABOUT_RETURN_TYPE = YES_ERROR;
				GCC_WARN_UNDECLARED_SELECTOR = YES;
				GCC_WARN_UNINITIALIZED_AUTOS = YES_AGGRESSIVE;
				GCC_WARN_UNUSED_FUNCTION = YES;
				GCC_WARN_UNUSED_VARIABLE = YES;
				LOCALIZATION_PREFERS_STRING_CATALOGS = YES;
				MACOSX_DEPLOYMENT_TARGET = 14.5;
				MTL_ENABLE_DEBUG_INFO = NO;
				MTL_FAST_MATH = YES;
				SDKROOT = macosx;
				SWIFT_COMPILATION_MODE = wholemodule;
			};
			name = Release;
		};
		FA5E816B2C2D82AF00655865 /* Debug */ = {
			isa = XCBuildConfiguration;
			buildSettings = {
				CODE_SIGN_STYLE = Automatic;
				PRODUCT_NAME = "$(TARGET_NAME)";
				SWIFT_VERSION = 5.0;
			};
			name = Debug;
		};
		FA5E816C2C2D82AF00655865 /* Release */ = {
			isa = XCBuildConfiguration;
			buildSettings = {
				CODE_SIGN_STYLE = Automatic;
				PRODUCT_NAME = "$(TARGET_NAME)";
				SWIFT_VERSION = 5.0;
			};
			name = Release;
		};
		FA5E81992C2D83B900655865 /* Debug */ = {
			isa = XCBuildConfiguration;
			buildSettings = {
				CODE_SIGN_STYLE = Automatic;
				PRODUCT_NAME = "$(TARGET_NAME)";
				SWIFT_VERSION = 5.0;
			};
			name = Debug;
		};
		FA5E819A2C2D83B900655865 /* Release */ = {
			isa = XCBuildConfiguration;
			buildSettings = {
				CODE_SIGN_STYLE = Automatic;
				PRODUCT_NAME = "$(TARGET_NAME)";
				SWIFT_VERSION = 5.0;
			};
			name = Release;
		};
		FA5E81A42C2D83CE00655865 /* Debug */ = {
			isa = XCBuildConfiguration;
			buildSettings = {
				CODE_SIGN_STYLE = Automatic;
				PRODUCT_NAME = "$(TARGET_NAME)";
				SWIFT_VERSION = 5.0;
			};
			name = Debug;
		};
		FA5E81A52C2D83CE00655865 /* Release */ = {
			isa = XCBuildConfiguration;
			buildSettings = {
				CODE_SIGN_STYLE = Automatic;
				PRODUCT_NAME = "$(TARGET_NAME)";
				SWIFT_VERSION = 5.0;
			};
			name = Release;
		};
		FA5E81AF2C2D83D400655865 /* Debug */ = {
			isa = XCBuildConfiguration;
			buildSettings = {
				CODE_SIGN_STYLE = Automatic;
				PRODUCT_NAME = "$(TARGET_NAME)";
				SWIFT_VERSION = 5.0;
			};
			name = Debug;
		};
		FA5E81B02C2D83D400655865 /* Release */ = {
			isa = XCBuildConfiguration;
			buildSettings = {
				CODE_SIGN_STYLE = Automatic;
				PRODUCT_NAME = "$(TARGET_NAME)";
				SWIFT_VERSION = 5.0;
			};
			name = Release;
		};
		FA5E81BA2C2D83DC00655865 /* Debug */ = {
			isa = XCBuildConfiguration;
			buildSettings = {
				CODE_SIGN_STYLE = Automatic;
				PRODUCT_NAME = "$(TARGET_NAME)";
				SWIFT_VERSION = 5.0;
			};
			name = Debug;
		};
		FA5E81BB2C2D83DC00655865 /* Release */ = {
			isa = XCBuildConfiguration;
			buildSettings = {
				CODE_SIGN_STYLE = Automatic;
				PRODUCT_NAME = "$(TARGET_NAME)";
				SWIFT_VERSION = 5.0;
			};
			name = Release;
		};
		FA5E81C52C2D83E000655865 /* Debug */ = {
			isa = XCBuildConfiguration;
			buildSettings = {
				CODE_SIGN_STYLE = Automatic;
				PRODUCT_NAME = "$(TARGET_NAME)";
				SWIFT_VERSION = 5.0;
			};
			name = Debug;
		};
		FA5E81C62C2D83E000655865 /* Release */ = {
			isa = XCBuildConfiguration;
			buildSettings = {
				CODE_SIGN_STYLE = Automatic;
				PRODUCT_NAME = "$(TARGET_NAME)";
				SWIFT_VERSION = 5.0;
			};
			name = Release;
		};
		FA5E81CF2C2D84F700655865 /* Debug */ = {
			isa = XCBuildConfiguration;
			buildSettings = {
				CODE_SIGN_STYLE = Automatic;
				PRODUCT_NAME = "$(TARGET_NAME)";
				SWIFT_VERSION = 5.0;
			};
			name = Debug;
		};
		FA5E81D02C2D84F700655865 /* Release */ = {
			isa = XCBuildConfiguration;
			buildSettings = {
				CODE_SIGN_STYLE = Automatic;
				PRODUCT_NAME = "$(TARGET_NAME)";
				SWIFT_VERSION = 5.0;
			};
			name = Release;
		};
		FAA9EB9C2C353DF8001AADCF /* Debug */ = {
			isa = XCBuildConfiguration;
			buildSettings = {
				CODE_SIGN_STYLE = Automatic;
				PRODUCT_NAME = "$(TARGET_NAME)";
				SWIFT_VERSION = 5.0;
			};
			name = Debug;
		};
		FAA9EB9D2C353DF8001AADCF /* Release */ = {
			isa = XCBuildConfiguration;
			buildSettings = {
				CODE_SIGN_STYLE = Automatic;
				PRODUCT_NAME = "$(TARGET_NAME)";
				SWIFT_VERSION = 5.0;
			};
			name = Release;
		};
		FAA9EBA72C354FDF001AADCF /* Debug */ = {
			isa = XCBuildConfiguration;
			buildSettings = {
				CODE_SIGN_STYLE = Automatic;
				PRODUCT_NAME = "$(TARGET_NAME)";
				SWIFT_VERSION = 5.0;
			};
			name = Debug;
		};
		FAA9EBA82C354FDF001AADCF /* Release */ = {
			isa = XCBuildConfiguration;
			buildSettings = {
				CODE_SIGN_STYLE = Automatic;
				PRODUCT_NAME = "$(TARGET_NAME)";
				SWIFT_VERSION = 5.0;
			};
			name = Release;
		};
		FAD908182C329D3000FDA6C5 /* Debug */ = {
			isa = XCBuildConfiguration;
			buildSettings = {
				CODE_SIGN_STYLE = Automatic;
				PRODUCT_NAME = "$(TARGET_NAME)";
				SWIFT_VERSION = 5.0;
			};
			name = Debug;
		};
		FAD908192C329D3000FDA6C5 /* Release */ = {
			isa = XCBuildConfiguration;
			buildSettings = {
				CODE_SIGN_STYLE = Automatic;
				PRODUCT_NAME = "$(TARGET_NAME)";
				SWIFT_VERSION = 5.0;
			};
			name = Release;
		};
		FAD9082E2C32ADC000FDA6C5 /* Debug */ = {
			isa = XCBuildConfiguration;
			buildSettings = {
				CODE_SIGN_STYLE = Automatic;
				PRODUCT_NAME = "$(TARGET_NAME)";
				SWIFT_VERSION = 5.0;
			};
			name = Debug;
		};
		FAD9082F2C32ADC000FDA6C5 /* Release */ = {
			isa = XCBuildConfiguration;
			buildSettings = {
				CODE_SIGN_STYLE = Automatic;
				PRODUCT_NAME = "$(TARGET_NAME)";
				SWIFT_VERSION = 5.0;
			};
			name = Release;
		};
		FAE982DC2C369F7C008AC463 /* Debug */ = {
			isa = XCBuildConfiguration;
			buildSettings = {
				CODE_SIGN_STYLE = Automatic;
				PRODUCT_NAME = "$(TARGET_NAME)";
				SWIFT_VERSION = 5.0;
			};
			name = Debug;
		};
		FAE982DD2C369F7C008AC463 /* Release */ = {
			isa = XCBuildConfiguration;
			buildSettings = {
				CODE_SIGN_STYLE = Automatic;
				PRODUCT_NAME = "$(TARGET_NAME)";
				SWIFT_VERSION = 5.0;
			};
			name = Release;
		};
		FAF8905D2C37E14500AC7BDB /* Debug */ = {
			isa = XCBuildConfiguration;
			buildSettings = {
				CODE_SIGN_STYLE = Automatic;
				PRODUCT_NAME = "$(TARGET_NAME)";
				SWIFT_VERSION = 5.0;
			};
			name = Debug;
		};
		FAF8905E2C37E14500AC7BDB /* Release */ = {
			isa = XCBuildConfiguration;
			buildSettings = {
				CODE_SIGN_STYLE = Automatic;
				PRODUCT_NAME = "$(TARGET_NAME)";
				SWIFT_VERSION = 5.0;
			};
			name = Release;
		};
		FAFA3AC62C33F00400423869 /* Debug */ = {
			isa = XCBuildConfiguration;
			buildSettings = {
				CODE_SIGN_STYLE = Automatic;
				PRODUCT_NAME = "$(TARGET_NAME)";
				SWIFT_VERSION = 5.0;
			};
			name = Debug;
		};
		FAFA3AC72C33F00400423869 /* Release */ = {
			isa = XCBuildConfiguration;
			buildSettings = {
				CODE_SIGN_STYLE = Automatic;
				PRODUCT_NAME = "$(TARGET_NAME)";
				SWIFT_VERSION = 5.0;
			};
			name = Release;
		};
		FAFA3AD22C33F69F00423869 /* Debug */ = {
			isa = XCBuildConfiguration;
			buildSettings = {
				CODE_SIGN_STYLE = Automatic;
				PRODUCT_NAME = "$(TARGET_NAME)";
				SWIFT_VERSION = 5.0;
			};
			name = Debug;
		};
		FAFA3AD32C33F69F00423869 /* Release */ = {
			isa = XCBuildConfiguration;
			buildSettings = {
				CODE_SIGN_STYLE = Automatic;
				PRODUCT_NAME = "$(TARGET_NAME)";
				SWIFT_VERSION = 5.0;
			};
			name = Release;
		};
/* End XCBuildConfiguration section */

/* Begin XCConfigurationList section */
		FA0AC5582C3414AD0085A454 /* Build configuration list for PBXNativeTarget "Challenge 2.2.2" */ = {
			isa = XCConfigurationList;
			buildConfigurations = (
				FA0AC5562C3414AD0085A454 /* Debug */,
				FA0AC5572C3414AD0085A454 /* Release */,
			);
			defaultConfigurationIsVisible = 0;
			defaultConfigurationName = Release;
		};
		FA5E815E2C2D82AF00655865 /* Build configuration list for PBXProject "Coding_Challenges_B20" */ = {
			isa = XCConfigurationList;
			buildConfigurations = (
				FA5E81682C2D82AF00655865 /* Debug */,
				FA5E81692C2D82AF00655865 /* Release */,
			);
			defaultConfigurationIsVisible = 0;
			defaultConfigurationName = Release;
		};
		FA5E816A2C2D82AF00655865 /* Build configuration list for PBXNativeTarget "Coding_Challenges_B20" */ = {
			isa = XCConfigurationList;
			buildConfigurations = (
				FA5E816B2C2D82AF00655865 /* Debug */,
				FA5E816C2C2D82AF00655865 /* Release */,
			);
			defaultConfigurationIsVisible = 0;
			defaultConfigurationName = Release;
		};
		FA5E81982C2D83B900655865 /* Build configuration list for PBXNativeTarget "Challenge 1.4.1" */ = {
			isa = XCConfigurationList;
			buildConfigurations = (
				FA5E81992C2D83B900655865 /* Debug */,
				FA5E819A2C2D83B900655865 /* Release */,
			);
			defaultConfigurationIsVisible = 0;
			defaultConfigurationName = Release;
		};
		FA5E81A32C2D83CE00655865 /* Build configuration list for PBXNativeTarget "Challenge 1.2.1" */ = {
			isa = XCConfigurationList;
			buildConfigurations = (
				FA5E81A42C2D83CE00655865 /* Debug */,
				FA5E81A52C2D83CE00655865 /* Release */,
			);
			defaultConfigurationIsVisible = 0;
			defaultConfigurationName = Release;
		};
		FA5E81AE2C2D83D400655865 /* Build configuration list for PBXNativeTarget "Challenge 1.2.2" */ = {
			isa = XCConfigurationList;
			buildConfigurations = (
				FA5E81AF2C2D83D400655865 /* Debug */,
				FA5E81B02C2D83D400655865 /* Release */,
			);
			defaultConfigurationIsVisible = 0;
			defaultConfigurationName = Release;
		};
		FA5E81B92C2D83DC00655865 /* Build configuration list for PBXNativeTarget "Challenge 1.3.1" */ = {
			isa = XCConfigurationList;
			buildConfigurations = (
				FA5E81BA2C2D83DC00655865 /* Debug */,
				FA5E81BB2C2D83DC00655865 /* Release */,
			);
			defaultConfigurationIsVisible = 0;
			defaultConfigurationName = Release;
		};
		FA5E81C42C2D83E000655865 /* Build configuration list for PBXNativeTarget "Challenge 1.3.2" */ = {
			isa = XCConfigurationList;
			buildConfigurations = (
				FA5E81C52C2D83E000655865 /* Debug */,
				FA5E81C62C2D83E000655865 /* Release */,
			);
			defaultConfigurationIsVisible = 0;
			defaultConfigurationName = Release;
		};
		FA5E81D12C2D84F700655865 /* Build configuration list for PBXNativeTarget "Challenge 1.4.2" */ = {
			isa = XCConfigurationList;
			buildConfigurations = (
				FA5E81CF2C2D84F700655865 /* Debug */,
				FA5E81D02C2D84F700655865 /* Release */,
			);
			defaultConfigurationIsVisible = 0;
			defaultConfigurationName = Release;
		};
		FAA9EB9E2C353DF8001AADCF /* Build configuration list for PBXNativeTarget "Challenge 2.3.1" */ = {
			isa = XCConfigurationList;
			buildConfigurations = (
				FAA9EB9C2C353DF8001AADCF /* Debug */,
				FAA9EB9D2C353DF8001AADCF /* Release */,
			);
			defaultConfigurationIsVisible = 0;
			defaultConfigurationName = Release;
		};
		FAA9EBA92C354FDF001AADCF /* Build configuration list for PBXNativeTarget "Challenge 2.3.2" */ = {
			isa = XCConfigurationList;
			buildConfigurations = (
				FAA9EBA72C354FDF001AADCF /* Debug */,
				FAA9EBA82C354FDF001AADCF /* Release */,
			);
			defaultConfigurationIsVisible = 0;
			defaultConfigurationName = Release;
		};
		FAD9081A2C329D3000FDA6C5 /* Build configuration list for PBXNativeTarget "Challenge 2.1.1" */ = {
			isa = XCConfigurationList;
			buildConfigurations = (
				FAD908182C329D3000FDA6C5 /* Debug */,
				FAD908192C329D3000FDA6C5 /* Release */,
			);
			defaultConfigurationIsVisible = 0;
			defaultConfigurationName = Release;
		};
		FAD908302C32ADC000FDA6C5 /* Build configuration list for PBXNativeTarget "Challenge 2.1.2" */ = {
			isa = XCConfigurationList;
			buildConfigurations = (
				FAD9082E2C32ADC000FDA6C5 /* Debug */,
				FAD9082F2C32ADC000FDA6C5 /* Release */,
			);
			defaultConfigurationIsVisible = 0;
			defaultConfigurationName = Release;
		};
		FAE982DE2C369F7C008AC463 /* Build configuration list for PBXNativeTarget "Challenge 2.4.1" */ = {
			isa = XCConfigurationList;
			buildConfigurations = (
				FAE982DC2C369F7C008AC463 /* Debug */,
				FAE982DD2C369F7C008AC463 /* Release */,
			);
			defaultConfigurationIsVisible = 0;
			defaultConfigurationName = Release;
		};
		FAF8905F2C37E14500AC7BDB /* Build configuration list for PBXNativeTarget "Challenge 2.4.2" */ = {
			isa = XCConfigurationList;
			buildConfigurations = (
				FAF8905D2C37E14500AC7BDB /* Debug */,
				FAF8905E2C37E14500AC7BDB /* Release */,
			);
			defaultConfigurationIsVisible = 0;
			defaultConfigurationName = Release;
		};
		FAFA3AC82C33F00400423869 /* Build configuration list for PBXNativeTarget "Challenge 2.1.3" */ = {
			isa = XCConfigurationList;
			buildConfigurations = (
				FAFA3AC62C33F00400423869 /* Debug */,
				FAFA3AC72C33F00400423869 /* Release */,
			);
			defaultConfigurationIsVisible = 0;
			defaultConfigurationName = Release;
		};
		FAFA3AD12C33F69F00423869 /* Build configuration list for PBXNativeTarget "Challenge 2.2.1" */ = {
			isa = XCConfigurationList;
			buildConfigurations = (
				FAFA3AD22C33F69F00423869 /* Debug */,
				FAFA3AD32C33F69F00423869 /* Release */,
			);
			defaultConfigurationIsVisible = 0;
			defaultConfigurationName = Release;
		};
/* End XCConfigurationList section */
	};
	rootObject = FA5E815B2C2D82AF00655865 /* Project object */;
}
